
Microsoft Visual Studio Solution File, Format Version 12.00
# Visual Studio Version 16
VisualStudioVersion = 16.0.30804.86
MinimumVisualStudioVersion = 10.0.40219.1
Project("{D954291E-2A0B-460D-934E-DC6B0785DB48}") = "PrismGankIO.Shared", "PrismGankIO\PrismGankIO.Shared\PrismGankIO.Shared.shproj", "{091A154E-58FF-4A07-8F41-A180E5120B0A}"
EndProject
Project("{FAE04EC0-301F-11D3-BF4B-00C04F79EFBC}") = "PrismGankIO.Core", "PrismGankIO\PrismGankIO.Core\PrismGankIO.Core.csproj", "{7989BAAC-4113-4645-A54C-2E99A73265B2}"
EndProject
Project("{2150E333-8FDC-42A3-9474-1A3956D46DE8}") = "Platforms", "Platforms", "{7F0E67E5-EA95-4B6A-951D-7FC115C7141B}"
EndProject
Project("{FAE04EC0-301F-11D3-BF4B-00C04F79EFBC}") = "PrismGankIO.Droid", "PrismGankIO\Platforms\PrismGankIO.Droid\PrismGankIO.Droid.csproj", "{1F867DC8-6418-4520-A1F4-93A63F4D9215}"
EndProject
Project("{FAE04EC0-301F-11D3-BF4B-00C04F79EFBC}") = "PrismGankIO.iOS", "PrismGankIO\Platforms\PrismGankIO.iOS\PrismGankIO.iOS.csproj", "{F24F4300-E2BA-48F6-95E7-E3D297973409}"
EndProject
Project("{FAE04EC0-301F-11D3-BF4B-00C04F79EFBC}") = "PrismGankIO.UWP", "PrismGankIO\Platforms\PrismGankIO.UWP\PrismGankIO.UWP.csproj", "{99CE5A4E-A1AE-4DD4-8D7C-4E53C704E508}"
EndProject
Project("{9A19103F-16F7-4668-BE54-9A1E7A4F7556}") = "PrismGankIO.Wasm", "PrismGankIO\Platforms\PrismGankIO.Wasm\PrismGankIO.Wasm.csproj", "{4D084A62-DC91-403D-8E49-C9868D61EC95}"
EndProject
Project("{FAE04EC0-301F-11D3-BF4B-00C04F79EFBC}") = "PrismGankIO.macOS", "PrismGankIO\Platforms\PrismGankIO.macOS\PrismGankIO.macOS.csproj", "{D321CC5A-548A-44E4-8FF1-B3F135095E14}"
EndProject
Global
	GlobalSection(SharedMSBuildProjectFiles) = preSolution
		PrismGankIO\PrismGankIO.Shared\PrismGankIO.Shared.projitems*{091a154e-58ff-4a07-8f41-a180e5120b0a}*SharedItemsImports = 13
		PrismGankIO\PrismGankIO.Shared\PrismGankIO.Shared.projitems*{1f867dc8-6418-4520-a1f4-93a63f4d9215}*SharedItemsImports = 4
		PrismGankIO\PrismGankIO.Shared\PrismGankIO.Shared.projitems*{4d084a62-dc91-403d-8e49-c9868d61ec95}*SharedItemsImports = 5
		PrismGankIO\PrismGankIO.Shared\PrismGankIO.Shared.projitems*{99ce5a4e-a1ae-4dd4-8d7c-4e53c704e508}*SharedItemsImports = 4
		PrismGankIO\PrismGankIO.Shared\PrismGankIO.Shared.projitems*{d321cc5a-548a-44e4-8ff1-b3f135095e14}*SharedItemsImports = 4
		PrismGankIO\PrismGankIO.Shared\PrismGankIO.Shared.projitems*{f24f4300-e2ba-48f6-95e7-e3d297973409}*SharedItemsImports = 4
	EndGlobalSection
	GlobalSection(SolutionConfigurationPlatforms) = preSolution
		Ad-Hoc|Any CPU = Ad-Hoc|Any CPU
		Ad-Hoc|ARM = Ad-Hoc|ARM
		Ad-Hoc|ARM64 = Ad-Hoc|ARM64
		Ad-Hoc|iPhone = Ad-Hoc|iPhone
		Ad-Hoc|iPhoneSimulator = Ad-Hoc|iPhoneSimulator
		Ad-Hoc|x64 = Ad-Hoc|x64
		Ad-Hoc|x86 = Ad-Hoc|x86
		AppStore|Any CPU = AppStore|Any CPU
		AppStore|ARM = AppStore|ARM
		AppStore|ARM64 = AppStore|ARM64
		AppStore|iPhone = AppStore|iPhone
		AppStore|iPhoneSimulator = AppStore|iPhoneSimulator
		AppStore|x64 = AppStore|x64
		AppStore|x86 = AppStore|x86
		Debug|Any CPU = Debug|Any CPU
		Debug|ARM = Debug|ARM
		Debug|ARM64 = Debug|ARM64
		Debug|iPhone = Debug|iPhone
		Debug|iPhoneSimulator = Debug|iPhoneSimulator
		Debug|x64 = Debug|x64
		Debug|x86 = Debug|x86
		Release|Any CPU = Release|Any CPU
		Release|ARM = Release|ARM
		Release|ARM64 = Release|ARM64
		Release|iPhone = Release|iPhone
		Release|iPhoneSimulator = Release|iPhoneSimulator
		Release|x64 = Release|x64
		Release|x86 = Release|x86
	EndGlobalSection
	GlobalSection(ProjectConfigurationPlatforms) = postSolution
		{7989BAAC-4113-4645-A54C-2E99A73265B2}.Ad-Hoc|Any CPU.ActiveCfg = Debug|Any CPU
		{7989BAAC-4113-4645-A54C-2E99A73265B2}.Ad-Hoc|Any CPU.Build.0 = Debug|Any CPU
		{7989BAAC-4113-4645-A54C-2E99A73265B2}.Ad-Hoc|ARM.ActiveCfg = Debug|Any CPU
		{7989BAAC-4113-4645-A54C-2E99A73265B2}.Ad-Hoc|ARM.Build.0 = Debug|Any CPU
		{7989BAAC-4113-4645-A54C-2E99A73265B2}.Ad-Hoc|ARM64.ActiveCfg = Debug|Any CPU
		{7989BAAC-4113-4645-A54C-2E99A73265B2}.Ad-Hoc|ARM64.Build.0 = Debug|Any CPU
		{7989BAAC-4113-4645-A54C-2E99A73265B2}.Ad-Hoc|iPhone.ActiveCfg = Debug|Any CPU
		{7989BAAC-4113-4645-A54C-2E99A73265B2}.Ad-Hoc|iPhone.Build.0 = Debug|Any CPU
		{7989BAAC-4113-4645-A54C-2E99A73265B2}.Ad-Hoc|iPhoneSimulator.ActiveCfg = Debug|Any CPU
		{7989BAAC-4113-4645-A54C-2E99A73265B2}.Ad-Hoc|iPhoneSimulator.Build.0 = Debug|Any CPU
		{7989BAAC-4113-4645-A54C-2E99A73265B2}.Ad-Hoc|x64.ActiveCfg = Debug|Any CPU
		{7989BAAC-4113-4645-A54C-2E99A73265B2}.Ad-Hoc|x64.Build.0 = Debug|Any CPU
		{7989BAAC-4113-4645-A54C-2E99A73265B2}.Ad-Hoc|x86.ActiveCfg = Debug|Any CPU
		{7989BAAC-4113-4645-A54C-2E99A73265B2}.Ad-Hoc|x86.Build.0 = Debug|Any CPU
		{7989BAAC-4113-4645-A54C-2E99A73265B2}.AppStore|Any CPU.ActiveCfg = Debug|Any CPU
		{7989BAAC-4113-4645-A54C-2E99A73265B2}.AppStore|Any CPU.Build.0 = Debug|Any CPU
		{7989BAAC-4113-4645-A54C-2E99A73265B2}.AppStore|ARM.ActiveCfg = Debug|Any CPU
		{7989BAAC-4113-4645-A54C-2E99A73265B2}.AppStore|ARM.Build.0 = Debug|Any CPU
		{7989BAAC-4113-4645-A54C-2E99A73265B2}.AppStore|ARM64.ActiveCfg = Debug|Any CPU
		{7989BAAC-4113-4645-A54C-2E99A73265B2}.AppStore|ARM64.Build.0 = Debug|Any CPU
		{7989BAAC-4113-4645-A54C-2E99A73265B2}.AppStore|iPhone.ActiveCfg = Debug|Any CPU
		{7989BAAC-4113-4645-A54C-2E99A73265B2}.AppStore|iPhone.Build.0 = Debug|Any CPU
		{7989BAAC-4113-4645-A54C-2E99A73265B2}.AppStore|iPhoneSimulator.ActiveCfg = Debug|Any CPU
		{7989BAAC-4113-4645-A54C-2E99A73265B2}.AppStore|iPhoneSimulator.Build.0 = Debug|Any CPU
		{7989BAAC-4113-4645-A54C-2E99A73265B2}.AppStore|x64.ActiveCfg = Debug|Any CPU
		{7989BAAC-4113-4645-A54C-2E99A73265B2}.AppStore|x64.Build.0 = Debug|Any CPU
		{7989BAAC-4113-4645-A54C-2E99A73265B2}.AppStore|x86.ActiveCfg = Debug|Any CPU
		{7989BAAC-4113-4645-A54C-2E99A73265B2}.AppStore|x86.Build.0 = Debug|Any CPU
		{7989BAAC-4113-4645-A54C-2E99A73265B2}.Debug|Any CPU.ActiveCfg = Debug|Any CPU
		{7989BAAC-4113-4645-A54C-2E99A73265B2}.Debug|Any CPU.Build.0 = Debug|Any CPU
		{7989BAAC-4113-4645-A54C-2E99A73265B2}.Debug|ARM.ActiveCfg = Debug|Any CPU
		{7989BAAC-4113-4645-A54C-2E99A73265B2}.Debug|ARM.Build.0 = Debug|Any CPU
		{7989BAAC-4113-4645-A54C-2E99A73265B2}.Debug|ARM64.ActiveCfg = Debug|Any CPU
		{7989BAAC-4113-4645-A54C-2E99A73265B2}.Debug|ARM64.Build.0 = Debug|Any CPU
		{7989BAAC-4113-4645-A54C-2E99A73265B2}.Debug|iPhone.ActiveCfg = Debug|Any CPU
		{7989BAAC-4113-4645-A54C-2E99A73265B2}.Debug|iPhone.Build.0 = Debug|Any CPU
		{7989BAAC-4113-4645-A54C-2E99A73265B2}.Debug|iPhoneSimulator.ActiveCfg = Debug|Any CPU
		{7989BAAC-4113-4645-A54C-2E99A73265B2}.Debug|iPhoneSimulator.Build.0 = Debug|Any CPU
		{7989BAAC-4113-4645-A54C-2E99A73265B2}.Debug|x64.ActiveCfg = Debug|Any CPU
		{7989BAAC-4113-4645-A54C-2E99A73265B2}.Debug|x64.Build.0 = Debug|Any CPU
		{7989BAAC-4113-4645-A54C-2E99A73265B2}.Debug|x86.ActiveCfg = Debug|Any CPU
		{7989BAAC-4113-4645-A54C-2E99A73265B2}.Debug|x86.Build.0 = Debug|Any CPU
		{7989BAAC-4113-4645-A54C-2E99A73265B2}.Release|Any CPU.ActiveCfg = Release|Any CPU
		{7989BAAC-4113-4645-A54C-2E99A73265B2}.Release|Any CPU.Build.0 = Release|Any CPU
		{7989BAAC-4113-4645-A54C-2E99A73265B2}.Release|ARM.ActiveCfg = Release|Any CPU
		{7989BAAC-4113-4645-A54C-2E99A73265B2}.Release|ARM.Build.0 = Release|Any CPU
		{7989BAAC-4113-4645-A54C-2E99A73265B2}.Release|ARM64.ActiveCfg = Release|Any CPU
		{7989BAAC-4113-4645-A54C-2E99A73265B2}.Release|ARM64.Build.0 = Release|Any CPU
		{7989BAAC-4113-4645-A54C-2E99A73265B2}.Release|iPhone.ActiveCfg = Release|Any CPU
		{7989BAAC-4113-4645-A54C-2E99A73265B2}.Release|iPhone.Build.0 = Release|Any CPU
		{7989BAAC-4113-4645-A54C-2E99A73265B2}.Release|iPhoneSimulator.ActiveCfg = Release|Any CPU
		{7989BAAC-4113-4645-A54C-2E99A73265B2}.Release|iPhoneSimulator.Build.0 = Release|Any CPU
		{7989BAAC-4113-4645-A54C-2E99A73265B2}.Release|x64.ActiveCfg = Release|Any CPU
		{7989BAAC-4113-4645-A54C-2E99A73265B2}.Release|x64.Build.0 = Release|Any CPU
		{7989BAAC-4113-4645-A54C-2E99A73265B2}.Release|x86.ActiveCfg = Release|Any CPU
		{7989BAAC-4113-4645-A54C-2E99A73265B2}.Release|x86.Build.0 = Release|Any CPU
		{1F867DC8-6418-4520-A1F4-93A63F4D9215}.Ad-Hoc|Any CPU.ActiveCfg = Debug|Any CPU
		{1F867DC8-6418-4520-A1F4-93A63F4D9215}.Ad-Hoc|Any CPU.Build.0 = Debug|Any CPU
		{1F867DC8-6418-4520-A1F4-93A63F4D9215}.Ad-Hoc|Any CPU.Deploy.0 = Debug|Any CPU
		{1F867DC8-6418-4520-A1F4-93A63F4D9215}.Ad-Hoc|ARM.ActiveCfg = Debug|Any CPU
		{1F867DC8-6418-4520-A1F4-93A63F4D9215}.Ad-Hoc|ARM.Build.0 = Debug|Any CPU
		{1F867DC8-6418-4520-A1F4-93A63F4D9215}.Ad-Hoc|ARM.Deploy.0 = Debug|Any CPU
		{1F867DC8-6418-4520-A1F4-93A63F4D9215}.Ad-Hoc|ARM64.ActiveCfg = Debug|Any CPU
		{1F867DC8-6418-4520-A1F4-93A63F4D9215}.Ad-Hoc|ARM64.Build.0 = Debug|Any CPU
		{1F867DC8-6418-4520-A1F4-93A63F4D9215}.Ad-Hoc|ARM64.Deploy.0 = Debug|Any CPU
		{1F867DC8-6418-4520-A1F4-93A63F4D9215}.Ad-Hoc|iPhone.ActiveCfg = Debug|Any CPU
		{1F867DC8-6418-4520-A1F4-93A63F4D9215}.Ad-Hoc|iPhone.Build.0 = Debug|Any CPU
		{1F867DC8-6418-4520-A1F4-93A63F4D9215}.Ad-Hoc|iPhone.Deploy.0 = Debug|Any CPU
		{1F867DC8-6418-4520-A1F4-93A63F4D9215}.Ad-Hoc|iPhoneSimulator.ActiveCfg = Debug|Any CPU
		{1F867DC8-6418-4520-A1F4-93A63F4D9215}.Ad-Hoc|iPhoneSimulator.Build.0 = Debug|Any CPU
		{1F867DC8-6418-4520-A1F4-93A63F4D9215}.Ad-Hoc|iPhoneSimulator.Deploy.0 = Debug|Any CPU
		{1F867DC8-6418-4520-A1F4-93A63F4D9215}.Ad-Hoc|x64.ActiveCfg = Debug|Any CPU
		{1F867DC8-6418-4520-A1F4-93A63F4D9215}.Ad-Hoc|x64.Build.0 = Debug|Any CPU
		{1F867DC8-6418-4520-A1F4-93A63F4D9215}.Ad-Hoc|x64.Deploy.0 = Debug|Any CPU
		{1F867DC8-6418-4520-A1F4-93A63F4D9215}.Ad-Hoc|x86.ActiveCfg = Debug|Any CPU
		{1F867DC8-6418-4520-A1F4-93A63F4D9215}.Ad-Hoc|x86.Build.0 = Debug|Any CPU
		{1F867DC8-6418-4520-A1F4-93A63F4D9215}.Ad-Hoc|x86.Deploy.0 = Debug|Any CPU
		{1F867DC8-6418-4520-A1F4-93A63F4D9215}.AppStore|Any CPU.ActiveCfg = Debug|Any CPU
		{1F867DC8-6418-4520-A1F4-93A63F4D9215}.AppStore|Any CPU.Build.0 = Debug|Any CPU
		{1F867DC8-6418-4520-A1F4-93A63F4D9215}.AppStore|Any CPU.Deploy.0 = Debug|Any CPU
		{1F867DC8-6418-4520-A1F4-93A63F4D9215}.AppStore|ARM.ActiveCfg = Debug|Any CPU
		{1F867DC8-6418-4520-A1F4-93A63F4D9215}.AppStore|ARM.Build.0 = Debug|Any CPU
		{1F867DC8-6418-4520-A1F4-93A63F4D9215}.AppStore|ARM.Deploy.0 = Debug|Any CPU
		{1F867DC8-6418-4520-A1F4-93A63F4D9215}.AppStore|ARM64.ActiveCfg = Debug|Any CPU
		{1F867DC8-6418-4520-A1F4-93A63F4D9215}.AppStore|ARM64.Build.0 = Debug|Any CPU
		{1F867DC8-6418-4520-A1F4-93A63F4D9215}.AppStore|ARM64.Deploy.0 = Debug|Any CPU
		{1F867DC8-6418-4520-A1F4-93A63F4D9215}.AppStore|iPhone.ActiveCfg = Debug|Any CPU
		{1F867DC8-6418-4520-A1F4-93A63F4D9215}.AppStore|iPhone.Build.0 = Debug|Any CPU
		{1F867DC8-6418-4520-A1F4-93A63F4D9215}.AppStore|iPhone.Deploy.0 = Debug|Any CPU
		{1F867DC8-6418-4520-A1F4-93A63F4D9215}.AppStore|iPhoneSimulator.ActiveCfg = Debug|Any CPU
		{1F867DC8-6418-4520-A1F4-93A63F4D9215}.AppStore|iPhoneSimulator.Build.0 = Debug|Any CPU
		{1F867DC8-6418-4520-A1F4-93A63F4D9215}.AppStore|iPhoneSimulator.Deploy.0 = Debug|Any CPU
		{1F867DC8-6418-4520-A1F4-93A63F4D9215}.AppStore|x64.ActiveCfg = Debug|Any CPU
		{1F867DC8-6418-4520-A1F4-93A63F4D9215}.AppStore|x64.Build.0 = Debug|Any CPU
		{1F867DC8-6418-4520-A1F4-93A63F4D9215}.AppStore|x64.Deploy.0 = Debug|Any CPU
		{1F867DC8-6418-4520-A1F4-93A63F4D9215}.AppStore|x86.ActiveCfg = Debug|Any CPU
		{1F867DC8-6418-4520-A1F4-93A63F4D9215}.AppStore|x86.Build.0 = Debug|Any CPU
		{1F867DC8-6418-4520-A1F4-93A63F4D9215}.AppStore|x86.Deploy.0 = Debug|Any CPU
		{1F867DC8-6418-4520-A1F4-93A63F4D9215}.Debug|Any CPU.ActiveCfg = Debug|Any CPU
		{1F867DC8-6418-4520-A1F4-93A63F4D9215}.Debug|Any CPU.Build.0 = Debug|Any CPU
		{1F867DC8-6418-4520-A1F4-93A63F4D9215}.Debug|Any CPU.Deploy.0 = Debug|Any CPU
		{1F867DC8-6418-4520-A1F4-93A63F4D9215}.Debug|ARM.ActiveCfg = Debug|Any CPU
		{1F867DC8-6418-4520-A1F4-93A63F4D9215}.Debug|ARM.Build.0 = Debug|Any CPU
		{1F867DC8-6418-4520-A1F4-93A63F4D9215}.Debug|ARM.Deploy.0 = Debug|Any CPU
		{1F867DC8-6418-4520-A1F4-93A63F4D9215}.Debug|ARM64.ActiveCfg = Debug|Any CPU
		{1F867DC8-6418-4520-A1F4-93A63F4D9215}.Debug|ARM64.Build.0 = Debug|Any CPU
		{1F867DC8-6418-4520-A1F4-93A63F4D9215}.Debug|ARM64.Deploy.0 = Debug|Any CPU
		{1F867DC8-6418-4520-A1F4-93A63F4D9215}.Debug|iPhone.ActiveCfg = Debug|Any CPU
		{1F867DC8-6418-4520-A1F4-93A63F4D9215}.Debug|iPhone.Build.0 = Debug|Any CPU
		{1F867DC8-6418-4520-A1F4-93A63F4D9215}.Debug|iPhone.Deploy.0 = Debug|Any CPU
		{1F867DC8-6418-4520-A1F4-93A63F4D9215}.Debug|iPhoneSimulator.ActiveCfg = Debug|Any CPU
		{1F867DC8-6418-4520-A1F4-93A63F4D9215}.Debug|iPhoneSimulator.Build.0 = Debug|Any CPU
		{1F867DC8-6418-4520-A1F4-93A63F4D9215}.Debug|iPhoneSimulator.Deploy.0 = Debug|Any CPU
		{1F867DC8-6418-4520-A1F4-93A63F4D9215}.Debug|x64.ActiveCfg = Debug|Any CPU
		{1F867DC8-6418-4520-A1F4-93A63F4D9215}.Debug|x64.Build.0 = Debug|Any CPU
		{1F867DC8-6418-4520-A1F4-93A63F4D9215}.Debug|x64.Deploy.0 = Debug|Any CPU
		{1F867DC8-6418-4520-A1F4-93A63F4D9215}.Debug|x86.ActiveCfg = Debug|Any CPU
		{1F867DC8-6418-4520-A1F4-93A63F4D9215}.Debug|x86.Build.0 = Debug|Any CPU
		{1F867DC8-6418-4520-A1F4-93A63F4D9215}.Debug|x86.Deploy.0 = Debug|Any CPU
		{1F867DC8-6418-4520-A1F4-93A63F4D9215}.Release|Any CPU.ActiveCfg = Release|Any CPU
		{1F867DC8-6418-4520-A1F4-93A63F4D9215}.Release|Any CPU.Build.0 = Release|Any CPU
		{1F867DC8-6418-4520-A1F4-93A63F4D9215}.Release|Any CPU.Deploy.0 = Release|Any CPU
		{1F867DC8-6418-4520-A1F4-93A63F4D9215}.Release|ARM.ActiveCfg = Release|Any CPU
		{1F867DC8-6418-4520-A1F4-93A63F4D9215}.Release|ARM.Build.0 = Release|Any CPU
		{1F867DC8-6418-4520-A1F4-93A63F4D9215}.Release|ARM.Deploy.0 = Release|Any CPU
		{1F867DC8-6418-4520-A1F4-93A63F4D9215}.Release|ARM64.ActiveCfg = Release|Any CPU
		{1F867DC8-6418-4520-A1F4-93A63F4D9215}.Release|ARM64.Build.0 = Release|Any CPU
		{1F867DC8-6418-4520-A1F4-93A63F4D9215}.Release|ARM64.Deploy.0 = Release|Any CPU
		{1F867DC8-6418-4520-A1F4-93A63F4D9215}.Release|iPhone.ActiveCfg = Release|Any CPU
		{1F867DC8-6418-4520-A1F4-93A63F4D9215}.Release|iPhone.Build.0 = Release|Any CPU
		{1F867DC8-6418-4520-A1F4-93A63F4D9215}.Release|iPhone.Deploy.0 = Release|Any CPU
		{1F867DC8-6418-4520-A1F4-93A63F4D9215}.Release|iPhoneSimulator.ActiveCfg = Release|Any CPU
		{1F867DC8-6418-4520-A1F4-93A63F4D9215}.Release|iPhoneSimulator.Build.0 = Release|Any CPU
		{1F867DC8-6418-4520-A1F4-93A63F4D9215}.Release|iPhoneSimulator.Deploy.0 = Release|Any CPU
		{1F867DC8-6418-4520-A1F4-93A63F4D9215}.Release|x64.ActiveCfg = Release|Any CPU
		{1F867DC8-6418-4520-A1F4-93A63F4D9215}.Release|x64.Build.0 = Release|Any CPU
		{1F867DC8-6418-4520-A1F4-93A63F4D9215}.Release|x64.Deploy.0 = Release|Any CPU
		{1F867DC8-6418-4520-A1F4-93A63F4D9215}.Release|x86.ActiveCfg = Release|Any CPU
		{1F867DC8-6418-4520-A1F4-93A63F4D9215}.Release|x86.Build.0 = Release|Any CPU
		{1F867DC8-6418-4520-A1F4-93A63F4D9215}.Release|x86.Deploy.0 = Release|Any CPU
		{F24F4300-E2BA-48F6-95E7-E3D297973409}.Ad-Hoc|Any CPU.ActiveCfg = Ad-Hoc|iPhoneSimulator
		{F24F4300-E2BA-48F6-95E7-E3D297973409}.Ad-Hoc|ARM.ActiveCfg = Ad-Hoc|iPhoneSimulator
		{F24F4300-E2BA-48F6-95E7-E3D297973409}.Ad-Hoc|ARM64.ActiveCfg = Ad-Hoc|iPhoneSimulator
		{F24F4300-E2BA-48F6-95E7-E3D297973409}.Ad-Hoc|iPhone.ActiveCfg = Ad-Hoc|iPhone
		{F24F4300-E2BA-48F6-95E7-E3D297973409}.Ad-Hoc|iPhone.Build.0 = Ad-Hoc|iPhone
		{F24F4300-E2BA-48F6-95E7-E3D297973409}.Ad-Hoc|iPhoneSimulator.ActiveCfg = Ad-Hoc|iPhoneSimulator
		{F24F4300-E2BA-48F6-95E7-E3D297973409}.Ad-Hoc|iPhoneSimulator.Build.0 = Ad-Hoc|iPhoneSimulator
		{F24F4300-E2BA-48F6-95E7-E3D297973409}.Ad-Hoc|x64.ActiveCfg = Ad-Hoc|iPhoneSimulator
		{F24F4300-E2BA-48F6-95E7-E3D297973409}.Ad-Hoc|x86.ActiveCfg = Ad-Hoc|iPhoneSimulator
		{F24F4300-E2BA-48F6-95E7-E3D297973409}.AppStore|Any CPU.ActiveCfg = AppStore|iPhoneSimulator
		{F24F4300-E2BA-48F6-95E7-E3D297973409}.AppStore|ARM.ActiveCfg = AppStore|iPhoneSimulator
		{F24F4300-E2BA-48F6-95E7-E3D297973409}.AppStore|ARM64.ActiveCfg = AppStore|iPhoneSimulator
		{F24F4300-E2BA-48F6-95E7-E3D297973409}.AppStore|iPhone.ActiveCfg = AppStore|iPhone
		{F24F4300-E2BA-48F6-95E7-E3D297973409}.AppStore|iPhone.Build.0 = AppStore|iPhone
		{F24F4300-E2BA-48F6-95E7-E3D297973409}.AppStore|iPhoneSimulator.ActiveCfg = AppStore|iPhoneSimulator
		{F24F4300-E2BA-48F6-95E7-E3D297973409}.AppStore|iPhoneSimulator.Build.0 = AppStore|iPhoneSimulator
		{F24F4300-E2BA-48F6-95E7-E3D297973409}.AppStore|x64.ActiveCfg = AppStore|iPhoneSimulator
		{F24F4300-E2BA-48F6-95E7-E3D297973409}.AppStore|x86.ActiveCfg = AppStore|iPhoneSimulator
		{F24F4300-E2BA-48F6-95E7-E3D297973409}.Debug|Any CPU.ActiveCfg = Debug|iPhoneSimulator
		{F24F4300-E2BA-48F6-95E7-E3D297973409}.Debug|ARM.ActiveCfg = Debug|iPhoneSimulator
		{F24F4300-E2BA-48F6-95E7-E3D297973409}.Debug|ARM64.ActiveCfg = Debug|iPhoneSimulator
		{F24F4300-E2BA-48F6-95E7-E3D297973409}.Debug|iPhone.ActiveCfg = Debug|iPhone
		{F24F4300-E2BA-48F6-95E7-E3D297973409}.Debug|iPhone.Build.0 = Debug|iPhone
		{F24F4300-E2BA-48F6-95E7-E3D297973409}.Debug|iPhoneSimulator.ActiveCfg = Debug|iPhoneSimulator
		{F24F4300-E2BA-48F6-95E7-E3D297973409}.Debug|iPhoneSimulator.Build.0 = Debug|iPhoneSimulator
		{F24F4300-E2BA-48F6-95E7-E3D297973409}.Debug|x64.ActiveCfg = Debug|iPhoneSimulator
		{F24F4300-E2BA-48F6-95E7-E3D297973409}.Debug|x86.ActiveCfg = Debug|iPhoneSimulator
		{F24F4300-E2BA-48F6-95E7-E3D297973409}.Release|Any CPU.ActiveCfg = Release|iPhoneSimulator
		{F24F4300-E2BA-48F6-95E7-E3D297973409}.Release|ARM.ActiveCfg = Release|iPhoneSimulator
		{F24F4300-E2BA-48F6-95E7-E3D297973409}.Release|ARM64.ActiveCfg = Release|iPhoneSimulator
		{F24F4300-E2BA-48F6-95E7-E3D297973409}.Release|iPhone.ActiveCfg = Release|iPhone
		{F24F4300-E2BA-48F6-95E7-E3D297973409}.Release|iPhone.Build.0 = Release|iPhone
		{F24F4300-E2BA-48F6-95E7-E3D297973409}.Release|iPhoneSimulator.ActiveCfg = Release|iPhoneSimulator
		{F24F4300-E2BA-48F6-95E7-E3D297973409}.Release|iPhoneSimulator.Build.0 = Release|iPhoneSimulator
		{F24F4300-E2BA-48F6-95E7-E3D297973409}.Release|x64.ActiveCfg = Release|iPhoneSimulator
		{F24F4300-E2BA-48F6-95E7-E3D297973409}.Release|x86.ActiveCfg = Release|iPhoneSimulator
		{99CE5A4E-A1AE-4DD4-8D7C-4E53C704E508}.Ad-Hoc|Any CPU.ActiveCfg = Debug|x86
		{99CE5A4E-A1AE-4DD4-8D7C-4E53C704E508}.Ad-Hoc|Any CPU.Build.0 = Debug|x86
		{99CE5A4E-A1AE-4DD4-8D7C-4E53C704E508}.Ad-Hoc|Any CPU.Deploy.0 = Debug|x86
		{99CE5A4E-A1AE-4DD4-8D7C-4E53C704E508}.Ad-Hoc|ARM.ActiveCfg = Debug|ARM
		{99CE5A4E-A1AE-4DD4-8D7C-4E53C704E508}.Ad-Hoc|ARM.Build.0 = Debug|ARM
		{99CE5A4E-A1AE-4DD4-8D7C-4E53C704E508}.Ad-Hoc|ARM.Deploy.0 = Debug|ARM
		{99CE5A4E-A1AE-4DD4-8D7C-4E53C704E508}.Ad-Hoc|ARM64.ActiveCfg = Debug|ARM64
		{99CE5A4E-A1AE-4DD4-8D7C-4E53C704E508}.Ad-Hoc|ARM64.Build.0 = Debug|ARM64
		{99CE5A4E-A1AE-4DD4-8D7C-4E53C704E508}.Ad-Hoc|ARM64.Deploy.0 = Debug|ARM64
		{99CE5A4E-A1AE-4DD4-8D7C-4E53C704E508}.Ad-Hoc|iPhone.ActiveCfg = Debug|x86
		{99CE5A4E-A1AE-4DD4-8D7C-4E53C704E508}.Ad-Hoc|iPhone.Build.0 = Debug|x86
		{99CE5A4E-A1AE-4DD4-8D7C-4E53C704E508}.Ad-Hoc|iPhone.Deploy.0 = Debug|x86
		{99CE5A4E-A1AE-4DD4-8D7C-4E53C704E508}.Ad-Hoc|iPhoneSimulator.ActiveCfg = Debug|x86
		{99CE5A4E-A1AE-4DD4-8D7C-4E53C704E508}.Ad-Hoc|iPhoneSimulator.Build.0 = Debug|x86
		{99CE5A4E-A1AE-4DD4-8D7C-4E53C704E508}.Ad-Hoc|iPhoneSimulator.Deploy.0 = Debug|x86
		{99CE5A4E-A1AE-4DD4-8D7C-4E53C704E508}.Ad-Hoc|x64.ActiveCfg = Debug|x64
		{99CE5A4E-A1AE-4DD4-8D7C-4E53C704E508}.Ad-Hoc|x64.Build.0 = Debug|x64
		{99CE5A4E-A1AE-4DD4-8D7C-4E53C704E508}.Ad-Hoc|x64.Deploy.0 = Debug|x64
		{99CE5A4E-A1AE-4DD4-8D7C-4E53C704E508}.Ad-Hoc|x86.ActiveCfg = Debug|x86
		{99CE5A4E-A1AE-4DD4-8D7C-4E53C704E508}.Ad-Hoc|x86.Build.0 = Debug|x86
		{99CE5A4E-A1AE-4DD4-8D7C-4E53C704E508}.Ad-Hoc|x86.Deploy.0 = Debug|x86
		{99CE5A4E-A1AE-4DD4-8D7C-4E53C704E508}.AppStore|Any CPU.ActiveCfg = Debug|x86
		{99CE5A4E-A1AE-4DD4-8D7C-4E53C704E508}.AppStore|Any CPU.Build.0 = Debug|x86
		{99CE5A4E-A1AE-4DD4-8D7C-4E53C704E508}.AppStore|Any CPU.Deploy.0 = Debug|x86
		{99CE5A4E-A1AE-4DD4-8D7C-4E53C704E508}.AppStore|ARM.ActiveCfg = Debug|ARM
		{99CE5A4E-A1AE-4DD4-8D7C-4E53C704E508}.AppStore|ARM.Build.0 = Debug|ARM
		{99CE5A4E-A1AE-4DD4-8D7C-4E53C704E508}.AppStore|ARM.Deploy.0 = Debug|ARM
		{99CE5A4E-A1AE-4DD4-8D7C-4E53C704E508}.AppStore|ARM64.ActiveCfg = Debug|ARM64
		{99CE5A4E-A1AE-4DD4-8D7C-4E53C704E508}.AppStore|ARM64.Build.0 = Debug|ARM64
		{99CE5A4E-A1AE-4DD4-8D7C-4E53C704E508}.AppStore|ARM64.Deploy.0 = Debug|ARM64
		{99CE5A4E-A1AE-4DD4-8D7C-4E53C704E508}.AppStore|iPhone.ActiveCfg = Debug|x86
		{99CE5A4E-A1AE-4DD4-8D7C-4E53C704E508}.AppStore|iPhone.Build.0 = Debug|x86
		{99CE5A4E-A1AE-4DD4-8D7C-4E53C704E508}.AppStore|iPhone.Deploy.0 = Debug|x86
		{99CE5A4E-A1AE-4DD4-8D7C-4E53C704E508}.AppStore|iPhoneSimulator.ActiveCfg = Debug|x86
		{99CE5A4E-A1AE-4DD4-8D7C-4E53C704E508}.AppStore|iPhoneSimulator.Build.0 = Debug|x86
		{99CE5A4E-A1AE-4DD4-8D7C-4E53C704E508}.AppStore|iPhoneSimulator.Deploy.0 = Debug|x86
		{99CE5A4E-A1AE-4DD4-8D7C-4E53C704E508}.AppStore|x64.ActiveCfg = Debug|x64
		{99CE5A4E-A1AE-4DD4-8D7C-4E53C704E508}.AppStore|x64.Build.0 = Debug|x64
		{99CE5A4E-A1AE-4DD4-8D7C-4E53C704E508}.AppStore|x64.Deploy.0 = Debug|x64
		{99CE5A4E-A1AE-4DD4-8D7C-4E53C704E508}.AppStore|x86.ActiveCfg = Debug|x86
		{99CE5A4E-A1AE-4DD4-8D7C-4E53C704E508}.AppStore|x86.Build.0 = Debug|x86
		{99CE5A4E-A1AE-4DD4-8D7C-4E53C704E508}.AppStore|x86.Deploy.0 = Debug|x86
		{99CE5A4E-A1AE-4DD4-8D7C-4E53C704E508}.Debug|Any CPU.ActiveCfg = Debug|x86
		{99CE5A4E-A1AE-4DD4-8D7C-4E53C704E508}.Debug|ARM.ActiveCfg = Debug|ARM
		{99CE5A4E-A1AE-4DD4-8D7C-4E53C704E508}.Debug|ARM.Build.0 = Debug|ARM
		{99CE5A4E-A1AE-4DD4-8D7C-4E53C704E508}.Debug|ARM.Deploy.0 = Debug|ARM
		{99CE5A4E-A1AE-4DD4-8D7C-4E53C704E508}.Debug|ARM64.ActiveCfg = Debug|ARM64
		{99CE5A4E-A1AE-4DD4-8D7C-4E53C704E508}.Debug|ARM64.Build.0 = Debug|ARM64
		{99CE5A4E-A1AE-4DD4-8D7C-4E53C704E508}.Debug|ARM64.Deploy.0 = Debug|ARM64
		{99CE5A4E-A1AE-4DD4-8D7C-4E53C704E508}.Debug|iPhone.ActiveCfg = Debug|x86
		{99CE5A4E-A1AE-4DD4-8D7C-4E53C704E508}.Debug|iPhoneSimulator.ActiveCfg = Debug|x86
		{99CE5A4E-A1AE-4DD4-8D7C-4E53C704E508}.Debug|x64.ActiveCfg = Debug|x64
		{99CE5A4E-A1AE-4DD4-8D7C-4E53C704E508}.Debug|x64.Build.0 = Debug|x64
		{99CE5A4E-A1AE-4DD4-8D7C-4E53C704E508}.Debug|x64.Deploy.0 = Debug|x64
		{99CE5A4E-A1AE-4DD4-8D7C-4E53C704E508}.Debug|x86.ActiveCfg = Debug|x86
		{99CE5A4E-A1AE-4DD4-8D7C-4E53C704E508}.Debug|x86.Build.0 = Debug|x86
		{99CE5A4E-A1AE-4DD4-8D7C-4E53C704E508}.Debug|x86.Deploy.0 = Debug|x86
		{99CE5A4E-A1AE-4DD4-8D7C-4E53C704E508}.Release|Any CPU.ActiveCfg = Release|x86
		{99CE5A4E-A1AE-4DD4-8D7C-4E53C704E508}.Release|ARM.ActiveCfg = Release|ARM
		{99CE5A4E-A1AE-4DD4-8D7C-4E53C704E508}.Release|ARM.Build.0 = Release|ARM
		{99CE5A4E-A1AE-4DD4-8D7C-4E53C704E508}.Release|ARM.Deploy.0 = Release|ARM
		{99CE5A4E-A1AE-4DD4-8D7C-4E53C704E508}.Release|ARM64.ActiveCfg = Release|ARM64
		{99CE5A4E-A1AE-4DD4-8D7C-4E53C704E508}.Release|ARM64.Build.0 = Release|ARM64
		{99CE5A4E-A1AE-4DD4-8D7C-4E53C704E508}.Release|ARM64.Deploy.0 = Release|ARM64
		{99CE5A4E-A1AE-4DD4-8D7C-4E53C704E508}.Release|iPhone.ActiveCfg = Release|x86
		{99CE5A4E-A1AE-4DD4-8D7C-4E53C704E508}.Release|iPhoneSimulator.ActiveCfg = Release|x86
		{99CE5A4E-A1AE-4DD4-8D7C-4E53C704E508}.Release|x64.ActiveCfg = Release|x64
		{99CE5A4E-A1AE-4DD4-8D7C-4E53C704E508}.Release|x64.Build.0 = Release|x64
		{99CE5A4E-A1AE-4DD4-8D7C-4E53C704E508}.Release|x64.Deploy.0 = Release|x64
		{99CE5A4E-A1AE-4DD4-8D7C-4E53C704E508}.Release|x86.ActiveCfg = Release|x86
		{99CE5A4E-A1AE-4DD4-8D7C-4E53C704E508}.Release|x86.Build.0 = Release|x86
		{99CE5A4E-A1AE-4DD4-8D7C-4E53C704E508}.Release|x86.Deploy.0 = Release|x86
		{4D084A62-DC91-403D-8E49-C9868D61EC95}.Ad-Hoc|Any CPU.ActiveCfg = Debug|Any CPU
		{4D084A62-DC91-403D-8E49-C9868D61EC95}.Ad-Hoc|Any CPU.Build.0 = Debug|Any CPU
		{4D084A62-DC91-403D-8E49-C9868D61EC95}.Ad-Hoc|ARM.ActiveCfg = Debug|Any CPU
		{4D084A62-DC91-403D-8E49-C9868D61EC95}.Ad-Hoc|ARM.Build.0 = Debug|Any CPU
		{4D084A62-DC91-403D-8E49-C9868D61EC95}.Ad-Hoc|ARM64.ActiveCfg = Debug|Any CPU
		{4D084A62-DC91-403D-8E49-C9868D61EC95}.Ad-Hoc|ARM64.Build.0 = Debug|Any CPU
		{4D084A62-DC91-403D-8E49-C9868D61EC95}.Ad-Hoc|iPhone.ActiveCfg = Debug|Any CPU
		{4D084A62-DC91-403D-8E49-C9868D61EC95}.Ad-Hoc|iPhone.Build.0 = Debug|Any CPU
		{4D084A62-DC91-403D-8E49-C9868D61EC95}.Ad-Hoc|iPhoneSimulator.ActiveCfg = Debug|Any CPU
		{4D084A62-DC91-403D-8E49-C9868D61EC95}.Ad-Hoc|iPhoneSimulator.Build.0 = Debug|Any CPU
		{4D084A62-DC91-403D-8E49-C9868D61EC95}.Ad-Hoc|x64.ActiveCfg = Debug|Any CPU
		{4D084A62-DC91-403D-8E49-C9868D61EC95}.Ad-Hoc|x64.Build.0 = Debug|Any CPU
		{4D084A62-DC91-403D-8E49-C9868D61EC95}.Ad-Hoc|x86.ActiveCfg = Debug|Any CPU
		{4D084A62-DC91-403D-8E49-C9868D61EC95}.Ad-Hoc|x86.Build.0 = Debug|Any CPU
		{4D084A62-DC91-403D-8E49-C9868D61EC95}.AppStore|Any CPU.ActiveCfg = Debug|Any CPU
		{4D084A62-DC91-403D-8E49-C9868D61EC95}.AppStore|Any CPU.Build.0 = Debug|Any CPU
		{4D084A62-DC91-403D-8E49-C9868D61EC95}.AppStore|ARM.ActiveCfg = Debug|Any CPU
		{4D084A62-DC91-403D-8E49-C9868D61EC95}.AppStore|ARM.Build.0 = Debug|Any CPU
		{4D084A62-DC91-403D-8E49-C9868D61EC95}.AppStore|ARM64.ActiveCfg = Debug|Any CPU
		{4D084A62-DC91-403D-8E49-C9868D61EC95}.AppStore|ARM64.Build.0 = Debug|Any CPU
		{4D084A62-DC91-403D-8E49-C9868D61EC95}.AppStore|iPhone.ActiveCfg = Debug|Any CPU
		{4D084A62-DC91-403D-8E49-C9868D61EC95}.AppStore|iPhone.Build.0 = Debug|Any CPU
		{4D084A62-DC91-403D-8E49-C9868D61EC95}.AppStore|iPhoneSimulator.ActiveCfg = Debug|Any CPU
		{4D084A62-DC91-403D-8E49-C9868D61EC95}.AppStore|iPhoneSimulator.Build.0 = Debug|Any CPU
		{4D084A62-DC91-403D-8E49-C9868D61EC95}.AppStore|x64.ActiveCfg = Debug|Any CPU
		{4D084A62-DC91-403D-8E49-C9868D61EC95}.AppStore|x64.Build.0 = Debug|Any CPU
		{4D084A62-DC91-403D-8E49-C9868D61EC95}.AppStore|x86.ActiveCfg = Debug|Any CPU
		{4D084A62-DC91-403D-8E49-C9868D61EC95}.AppStore|x86.Build.0 = Debug|Any CPU
		{4D084A62-DC91-403D-8E49-C9868D61EC95}.Debug|Any CPU.ActiveCfg = Debug|Any CPU
		{4D084A62-DC91-403D-8E49-C9868D61EC95}.Debug|Any CPU.Build.0 = Debug|Any CPU
		{4D084A62-DC91-403D-8E49-C9868D61EC95}.Debug|ARM.ActiveCfg = Debug|Any CPU
		{4D084A62-DC91-403D-8E49-C9868D61EC95}.Debug|ARM.Build.0 = Debug|Any CPU
		{4D084A62-DC91-403D-8E49-C9868D61EC95}.Debug|ARM64.ActiveCfg = Debug|Any CPU
		{4D084A62-DC91-403D-8E49-C9868D61EC95}.Debug|ARM64.Build.0 = Debug|Any CPU
		{4D084A62-DC91-403D-8E49-C9868D61EC95}.Debug|iPhone.ActiveCfg = Debug|Any CPU
		{4D084A62-DC91-403D-8E49-C9868D61EC95}.Debug|iPhone.Build.0 = Debug|Any CPU
		{4D084A62-DC91-403D-8E49-C9868D61EC95}.Debug|iPhoneSimulator.ActiveCfg = Debug|Any CPU
		{4D084A62-DC91-403D-8E49-C9868D61EC95}.Debug|iPhoneSimulator.Build.0 = Debug|Any CPU
		{4D084A62-DC91-403D-8E49-C9868D61EC95}.Debug|x64.ActiveCfg = Debug|Any CPU
		{4D084A62-DC91-403D-8E49-C9868D61EC95}.Debug|x64.Build.0 = Debug|Any CPU
		{4D084A62-DC91-403D-8E49-C9868D61EC95}.Debug|x86.ActiveCfg = Debug|Any CPU
		{4D084A62-DC91-403D-8E49-C9868D61EC95}.Debug|x86.Build.0 = Debug|Any CPU
		{4D084A62-DC91-403D-8E49-C9868D61EC95}.Release|Any CPU.ActiveCfg = Release|Any CPU
		{4D084A62-DC91-403D-8E49-C9868D61EC95}.Release|Any CPU.Build.0 = Release|Any CPU
		{4D084A62-DC91-403D-8E49-C9868D61EC95}.Release|ARM.ActiveCfg = Release|Any CPU
		{4D084A62-DC91-403D-8E49-C9868D61EC95}.Release|ARM.Build.0 = Release|Any CPU
		{4D084A62-DC91-403D-8E49-C9868D61EC95}.Release|ARM64.ActiveCfg = Release|Any CPU
		{4D084A62-DC91-403D-8E49-C9868D61EC95}.Release|ARM64.Build.0 = Release|Any CPU
		{4D084A62-DC91-403D-8E49-C9868D61EC95}.Release|iPhone.ActiveCfg = Release|Any CPU
		{4D084A62-DC91-403D-8E49-C9868D61EC95}.Release|iPhone.Build.0 = Release|Any CPU
		{4D084A62-DC91-403D-8E49-C9868D61EC95}.Release|iPhoneSimulator.ActiveCfg = Release|Any CPU
		{4D084A62-DC91-403D-8E49-C9868D61EC95}.Release|iPhoneSimulator.Build.0 = Release|Any CPU
		{4D084A62-DC91-403D-8E49-C9868D61EC95}.Release|x64.ActiveCfg = Release|Any CPU
		{4D084A62-DC91-403D-8E49-C9868D61EC95}.Release|x64.Build.0 = Release|Any CPU
		{4D084A62-DC91-403D-8E49-C9868D61EC95}.Release|x86.ActiveCfg = Release|Any CPU
		{4D084A62-DC91-403D-8E49-C9868D61EC95}.Release|x86.Build.0 = Release|Any CPU
		{D321CC5A-548A-44E4-8FF1-B3F135095E14}.Ad-Hoc|Any CPU.ActiveCfg = Debug|iPhoneSimulator
		{D321CC5A-548A-44E4-8FF1-B3F135095E14}.Ad-Hoc|Any CPU.Build.0 = Debug|iPhoneSimulator
		{D321CC5A-548A-44E4-8FF1-B3F135095E14}.Ad-Hoc|ARM.ActiveCfg = Debug|iPhoneSimulator
		{D321CC5A-548A-44E4-8FF1-B3F135095E14}.Ad-Hoc|ARM.Build.0 = Debug|iPhoneSimulator
		{D321CC5A-548A-44E4-8FF1-B3F135095E14}.Ad-Hoc|ARM64.ActiveCfg = Debug|iPhoneSimulator
		{D321CC5A-548A-44E4-8FF1-B3F135095E14}.Ad-Hoc|ARM64.Build.0 = Debug|iPhoneSimulator
		{D321CC5A-548A-44E4-8FF1-B3F135095E14}.Ad-Hoc|iPhone.ActiveCfg = Debug|iPhoneSimulator
		{D321CC5A-548A-44E4-8FF1-B3F135095E14}.Ad-Hoc|iPhone.Build.0 = Debug|iPhoneSimulator
		{D321CC5A-548A-44E4-8FF1-B3F135095E14}.Ad-Hoc|iPhoneSimulator.ActiveCfg = Debug|iPhoneSimulator
		{D321CC5A-548A-44E4-8FF1-B3F135095E14}.Ad-Hoc|iPhoneSimulator.Build.0 = Debug|iPhoneSimulator
		{D321CC5A-548A-44E4-8FF1-B3F135095E14}.Ad-Hoc|x64.ActiveCfg = Debug|iPhoneSimulator
		{D321CC5A-548A-44E4-8FF1-B3F135095E14}.Ad-Hoc|x64.Build.0 = Debug|iPhoneSimulator
		{D321CC5A-548A-44E4-8FF1-B3F135095E14}.Ad-Hoc|x86.ActiveCfg = Debug|iPhoneSimulator
		{D321CC5A-548A-44E4-8FF1-B3F135095E14}.Ad-Hoc|x86.Build.0 = Debug|iPhoneSimulator
		{D321CC5A-548A-44E4-8FF1-B3F135095E14}.AppStore|Any CPU.ActiveCfg = Debug|iPhoneSimulator
		{D321CC5A-548A-44E4-8FF1-B3F135095E14}.AppStore|Any CPU.Build.0 = Debug|iPhoneSimulator
		{D321CC5A-548A-44E4-8FF1-B3F135095E14}.AppStore|ARM.ActiveCfg = Debug|iPhoneSimulator
		{D321CC5A-548A-44E4-8FF1-B3F135095E14}.AppStore|ARM.Build.0 = Debug|iPhoneSimulator
		{D321CC5A-548A-44E4-8FF1-B3F135095E14}.AppStore|ARM64.ActiveCfg = Debug|iPhoneSimulator
		{D321CC5A-548A-44E4-8FF1-B3F135095E14}.AppStore|ARM64.Build.0 = Debug|iPhoneSimulator
		{D321CC5A-548A-44E4-8FF1-B3F135095E14}.AppStore|iPhone.ActiveCfg = Debug|iPhoneSimulator
		{D321CC5A-548A-44E4-8FF1-B3F135095E14}.AppStore|iPhone.Build.0 = Debug|iPhoneSimulator
		{D321CC5A-548A-44E4-8FF1-B3F135095E14}.AppStore|iPhoneSimulator.ActiveCfg = Debug|iPhoneSimulator
		{D321CC5A-548A-44E4-8FF1-B3F135095E14}.AppStore|iPhoneSimulator.Build.0 = Debug|iPhoneSimulator
		{D321CC5A-548A-44E4-8FF1-B3F135095E14}.AppStore|x64.ActiveCfg = Debug|iPhoneSimulator
		{D321CC5A-548A-44E4-8FF1-B3F135095E14}.AppStore|x64.Build.0 = Debug|iPhoneSimulator
		{D321CC5A-548A-44E4-8FF1-B3F135095E14}.AppStore|x86.ActiveCfg = Debug|iPhoneSimulator
		{D321CC5A-548A-44E4-8FF1-B3F135095E14}.AppStore|x86.Build.0 = Debug|iPhoneSimulator
		{D321CC5A-548A-44E4-8FF1-B3F135095E14}.Debug|Any CPU.ActiveCfg = Debug|iPhoneSimulator
		{D321CC5A-548A-44E4-8FF1-B3F135095E14}.Debug|ARM.ActiveCfg = Debug|iPhoneSimulator
		{D321CC5A-548A-44E4-8FF1-B3F135095E14}.Debug|ARM64.ActiveCfg = Debug|iPhoneSimulator
		{D321CC5A-548A-44E4-8FF1-B3F135095E14}.Debug|iPhone.ActiveCfg = Debug|iPhoneSimulator
		{D321CC5A-548A-44E4-8FF1-B3F135095E14}.Debug|iPhoneSimulator.ActiveCfg = Debug|iPhoneSimulator
		{D321CC5A-548A-44E4-8FF1-B3F135095E14}.Debug|iPhoneSimulator.Build.0 = Debug|iPhoneSimulator
		{D321CC5A-548A-44E4-8FF1-B3F135095E14}.Debug|x64.ActiveCfg = Debug|iPhoneSimulator
		{D321CC5A-548A-44E4-8FF1-B3F135095E14}.Debug|x86.ActiveCfg = Debug|iPhoneSimulator
		{D321CC5A-548A-44E4-8FF1-B3F135095E14}.Release|Any CPU.ActiveCfg = Release|iPhoneSimulator
		{D321CC5A-548A-44E4-8FF1-B3F135095E14}.Release|ARM.ActiveCfg = Release|iPhoneSimulator
		{D321CC5A-548A-44E4-8FF1-B3F135095E14}.Release|ARM64.ActiveCfg = Release|iPhoneSimulator
		{D321CC5A-548A-44E4-8FF1-B3F135095E14}.Release|iPhone.ActiveCfg = Release|iPhoneSimulator
		{D321CC5A-548A-44E4-8FF1-B3F135095E14}.Release|iPhoneSimulator.ActiveCfg = Release|iPhoneSimulator
		{D321CC5A-548A-44E4-8FF1-B3F135095E14}.Release|iPhoneSimulator.Build.0 = Release|iPhoneSimulator
		{D321CC5A-548A-44E4-8FF1-B3F135095E14}.Release|x64.ActiveCfg = Release|iPhoneSimulator
		{D321CC5A-548A-44E4-8FF1-B3F135095E14}.Release|x86.ActiveCfg = Release|iPhoneSimulator
	EndGlobalSection
	GlobalSection(SolutionProperties) = preSolution
		HideSolutionNode = FALSE
	EndGlobalSection
	GlobalSection(NestedProjects) = preSolution
		{1F867DC8-6418-4520-A1F4-93A63F4D9215} = {7F0E67E5-EA95-4B6A-951D-7FC115C7141B}
		{F24F4300-E2BA-48F6-95E7-E3D297973409} = {7F0E67E5-EA95-4B6A-951D-7FC115C7141B}
		{99CE5A4E-A1AE-4DD4-8D7C-4E53C704E508} = {7F0E67E5-EA95-4B6A-951D-7FC115C7141B}
		{4D084A62-DC91-403D-8E49-C9868D61EC95} = {7F0E67E5-EA95-4B6A-951D-7FC115C7141B}
		{D321CC5A-548A-44E4-8FF1-B3F135095E14} = {7F0E67E5-EA95-4B6A-951D-7FC115C7141B}
	EndGlobalSection
	GlobalSection(ExtensibilityGlobals) = postSolution
		SolutionGuid = {CF683CD6-EDE7-4A5C-801C-6292287ECCBB}
	EndGlobalSection
EndGlobal
